
Microsoft Visual Studio Solution File, Format Version 12.00
# Visual Studio Version 16
VisualStudioVersion = 16.0.31105.61
MinimumVisualStudioVersion = 10.0.40219.1
Project("{FAE04EC0-301F-11D3-BF4B-00C04F79EFBC}") = "Tariffe", "Tariffe\Tariffe.csproj", "{0BBFA3E6-CFD5-4BE0-B298-FFE1AA99F45C}"
EndProject
Project("{FAE04EC0-301F-11D3-BF4B-00C04F79EFBC}") = "Palestra", "Palestra\Palestra.csproj", "{6F797E70-DBAC-4D89-B8B7-C168126E9A4A}"
EndProject
Global
	GlobalSection(SolutionConfigurationPlatforms) = preSolution
		Debug|Any CPU = Debug|Any CPU
		Release|Any CPU = Release|Any CPU
	EndGlobalSection
	GlobalSection(ProjectConfigurationPlatforms) = postSolution
		{0BBFA3E6-CFD5-4BE0-B298-FFE1AA99F45C}.Debug|Any CPU.ActiveCfg = Debug|Any CPU
		{0BBFA3E6-CFD5-4BE0-B298-FFE1AA99F45C}.Debug|Any CPU.Build.0 = Debug|Any CPU
		{0BBFA3E6-CFD5-4BE0-B298-FFE1AA99F45C}.Release|Any CPU.ActiveCfg = Release|Any CPU
		{0BBFA3E6-CFD5-4BE0-B298-FFE1AA99F45C}.Release|Any CPU.Build.0 = Release|Any CPU
		{6F797E70-DBAC-4D89-B8B7-C168126E9A4A}.Debug|Any CPU.ActiveCfg = Debug|Any CPU
		{6F797E70-DBAC-4D89-B8B7-C168126E9A4A}.Debug|Any CPU.Build.0 = Debug|Any CPU
		{6F797E70-DBAC-4D89-B8B7-C168126E9A4A}.Release|Any CPU.ActiveCfg = Release|Any CPU
		{6F797E70-DBAC-4D89-B8B7-C168126E9A4A}.Release|Any CPU.Build.0 = Release|Any CPU
	EndGlobalSection
	GlobalSection(SolutionProperties) = preSolution
		HideSolutionNode = FALSE
	EndGlobalSection
	GlobalSection(ExtensibilityGlobals) = postSolution
		SolutionGuid = {84BFB8CF-F4D9-4C26-98CB-3E0E0C0F9FF4}
	EndGlobalSection
EndGlobal
